
Microsoft Visual Studio Solution File, Format Version 12.00
# Visual Studio Version 17
VisualStudioVersion = 17.8.34525.116
MinimumVisualStudioVersion = 10.0.40219.1
Project("{FAE04EC0-301F-11D3-BF4B-00C04F79EFBC}") = "Unity_01", "Unity_01\Unity_01.csproj", "{C580A5CF-CBE0-407C-B630-1D08B49EA82A}"
EndProject
Project("{FAE04EC0-301F-11D3-BF4B-00C04F79EFBC}") = "CS_Module1_HW_String", "CS_Module1_HW_String\CS_Module1_HW_String.csproj", "{E4ECDA7E-A6AC-4636-A236-E4FBCEC49967}"
EndProject
Project("{FAE04EC0-301F-11D3-BF4B-00C04F79EFBC}") = "OperatorsAndLoops", "OperatorsAndLoops\OperatorsAndLoops.csproj", "{5C0148C3-3597-4EB6-9014-0BA1F0B5750D}"
EndProject
Project("{FAE04EC0-301F-11D3-BF4B-00C04F79EFBC}") = "CS_Module1_HW_Pictures", "CS_Module1_HW_Pictures\CS_Module1_HW_Pictures.csproj", "{C3BEA7A2-A672-4AFE-94B5-A9725476FB7E}"
EndProject
Project("{FAE04EC0-301F-11D3-BF4B-00C04F79EFBC}") = "CS_Module1_HW_Plases", "CS_Module1_HW_Plases\CS_Module1_HW_Plases.csproj", "{603DD045-17DD-4056-8D90-2948A7AA62FF}"
EndProject
Project("{FAE04EC0-301F-11D3-BF4B-00C04F79EFBC}") = "CS_Module1_HW_Crystals", "CS_Module1_HW_Crystals\CS_Module1_HW_Crystals.csproj", "{B82140B4-B8D3-4AEA-8B6C-AA5950EDC325}"
EndProject
Project("{FAE04EC0-301F-11D3-BF4B-00C04F79EFBC}") = "CS_Module1_HW_Clinic", "CS_Module1_HW_Clinic\CS_Module1_HW_Clinic.csproj", "{9CFF1D68-87CE-497A-83E0-2C311173FC42}"
EndProject
Project("{FAE04EC0-301F-11D3-BF4B-00C04F79EFBC}") = "CS_Module1_HW_Loops", "Loops\CS_Module1_HW_Loops.csproj", "{F2B7A3D5-E5DC-4A2A-B9AB-5A0CC5DD8B08}"
EndProject
Project("{FAE04EC0-301F-11D3-BF4B-00C04F79EFBC}") = "CS_Module1_HW_ControlOfExit", "CS_Module1_HW_ControlOfExit\CS_Module1_HW_ControlOfExit.csproj", "{0A325C44-651A-4DB9-B2F1-43001DDAFD3F}"
EndProject
Project("{FAE04EC0-301F-11D3-BF4B-00C04F79EFBC}") = "CS_Module1_HW_Sequence", "CS_Module1_HW_Sequence\CS_Module1_HW_Sequence.csproj", "{F5D8D5D1-0860-4592-9950-4F76BB49C3C7}"
EndProject
Project("{FAE04EC0-301F-11D3-BF4B-00C04F79EFBC}") = "CS_Module1_SumOfNumbers", "CS_Module1_SumOfNumbers\CS_Module1_SumOfNumbers.csproj", "{F3DEF592-65C8-43F3-BF81-F2A25E368530}"
EndProject
Project("{FAE04EC0-301F-11D3-BF4B-00C04F79EFBC}") = "CW_Module1_HW_CurrencyExchange", "CurrencyExchange\CW_Module1_HW_CurrencyExchange.csproj", "{471A05D9-2464-4F91-B42C-DFFFCE22DDA1}"
EndProject
Project("{FAE04EC0-301F-11D3-BF4B-00C04F79EFBC}") = "CS_Module1_HW_ConsoleMenu", "CS_Module1_HW_ConsoleMenu\CS_Module1_HW_ConsoleMenu.csproj", "{687643D3-5315-4F5B-9385-9DD176F8BEEF}"
EndProject
Project("{FAE04EC0-301F-11D3-BF4B-00C04F79EFBC}") = "CS_Module1_HW_NameOutput", "NameOutput\CS_Module1_HW_NameOutput.csproj", "{7F6E5E41-C695-4D0A-B365-79A3D9E4D2B7}"
EndProject
Project("{FAE04EC0-301F-11D3-BF4B-00C04F79EFBC}") = "ProgramPassword", "ProgramPassword\ProgramPassword.csproj", "{31D30E00-976D-4471-88FF-F757181E2F8F}"
EndProject
Global
	GlobalSection(SolutionConfigurationPlatforms) = preSolution
		Debug|Any CPU = Debug|Any CPU
		Release|Any CPU = Release|Any CPU
	EndGlobalSection
	GlobalSection(ProjectConfigurationPlatforms) = postSolution
		{C580A5CF-CBE0-407C-B630-1D08B49EA82A}.Debug|Any CPU.ActiveCfg = Debug|Any CPU
		{C580A5CF-CBE0-407C-B630-1D08B49EA82A}.Debug|Any CPU.Build.0 = Debug|Any CPU
		{C580A5CF-CBE0-407C-B630-1D08B49EA82A}.Release|Any CPU.ActiveCfg = Release|Any CPU
		{C580A5CF-CBE0-407C-B630-1D08B49EA82A}.Release|Any CPU.Build.0 = Release|Any CPU
		{E4ECDA7E-A6AC-4636-A236-E4FBCEC49967}.Debug|Any CPU.ActiveCfg = Debug|Any CPU
		{E4ECDA7E-A6AC-4636-A236-E4FBCEC49967}.Debug|Any CPU.Build.0 = Debug|Any CPU
		{E4ECDA7E-A6AC-4636-A236-E4FBCEC49967}.Release|Any CPU.ActiveCfg = Release|Any CPU
		{E4ECDA7E-A6AC-4636-A236-E4FBCEC49967}.Release|Any CPU.Build.0 = Release|Any CPU
		{5C0148C3-3597-4EB6-9014-0BA1F0B5750D}.Debug|Any CPU.ActiveCfg = Debug|Any CPU
		{5C0148C3-3597-4EB6-9014-0BA1F0B5750D}.Debug|Any CPU.Build.0 = Debug|Any CPU
		{5C0148C3-3597-4EB6-9014-0BA1F0B5750D}.Release|Any CPU.ActiveCfg = Release|Any CPU
		{5C0148C3-3597-4EB6-9014-0BA1F0B5750D}.Release|Any CPU.Build.0 = Release|Any CPU
		{C3BEA7A2-A672-4AFE-94B5-A9725476FB7E}.Debug|Any CPU.ActiveCfg = Debug|Any CPU
		{C3BEA7A2-A672-4AFE-94B5-A9725476FB7E}.Debug|Any CPU.Build.0 = Debug|Any CPU
		{C3BEA7A2-A672-4AFE-94B5-A9725476FB7E}.Release|Any CPU.ActiveCfg = Release|Any CPU
		{C3BEA7A2-A672-4AFE-94B5-A9725476FB7E}.Release|Any CPU.Build.0 = Release|Any CPU
		{603DD045-17DD-4056-8D90-2948A7AA62FF}.Debug|Any CPU.ActiveCfg = Debug|Any CPU
		{603DD045-17DD-4056-8D90-2948A7AA62FF}.Debug|Any CPU.Build.0 = Debug|Any CPU
		{603DD045-17DD-4056-8D90-2948A7AA62FF}.Release|Any CPU.ActiveCfg = Release|Any CPU
		{603DD045-17DD-4056-8D90-2948A7AA62FF}.Release|Any CPU.Build.0 = Release|Any CPU
		{B82140B4-B8D3-4AEA-8B6C-AA5950EDC325}.Debug|Any CPU.ActiveCfg = Debug|Any CPU
		{B82140B4-B8D3-4AEA-8B6C-AA5950EDC325}.Debug|Any CPU.Build.0 = Debug|Any CPU
		{B82140B4-B8D3-4AEA-8B6C-AA5950EDC325}.Release|Any CPU.ActiveCfg = Release|Any CPU
		{B82140B4-B8D3-4AEA-8B6C-AA5950EDC325}.Release|Any CPU.Build.0 = Release|Any CPU
		{9CFF1D68-87CE-497A-83E0-2C311173FC42}.Debug|Any CPU.ActiveCfg = Debug|Any CPU
		{9CFF1D68-87CE-497A-83E0-2C311173FC42}.Debug|Any CPU.Build.0 = Debug|Any CPU
		{9CFF1D68-87CE-497A-83E0-2C311173FC42}.Release|Any CPU.ActiveCfg = Release|Any CPU
		{9CFF1D68-87CE-497A-83E0-2C311173FC42}.Release|Any CPU.Build.0 = Release|Any CPU
		{F2B7A3D5-E5DC-4A2A-B9AB-5A0CC5DD8B08}.Debug|Any CPU.ActiveCfg = Debug|Any CPU
		{F2B7A3D5-E5DC-4A2A-B9AB-5A0CC5DD8B08}.Debug|Any CPU.Build.0 = Debug|Any CPU
		{F2B7A3D5-E5DC-4A2A-B9AB-5A0CC5DD8B08}.Release|Any CPU.ActiveCfg = Release|Any CPU
		{F2B7A3D5-E5DC-4A2A-B9AB-5A0CC5DD8B08}.Release|Any CPU.Build.0 = Release|Any CPU
		{0A325C44-651A-4DB9-B2F1-43001DDAFD3F}.Debug|Any CPU.ActiveCfg = Debug|Any CPU
		{0A325C44-651A-4DB9-B2F1-43001DDAFD3F}.Debug|Any CPU.Build.0 = Debug|Any CPU
		{0A325C44-651A-4DB9-B2F1-43001DDAFD3F}.Release|Any CPU.ActiveCfg = Release|Any CPU
		{0A325C44-651A-4DB9-B2F1-43001DDAFD3F}.Release|Any CPU.Build.0 = Release|Any CPU
		{F5D8D5D1-0860-4592-9950-4F76BB49C3C7}.Debug|Any CPU.ActiveCfg = Debug|Any CPU
		{F5D8D5D1-0860-4592-9950-4F76BB49C3C7}.Debug|Any CPU.Build.0 = Debug|Any CPU
		{F5D8D5D1-0860-4592-9950-4F76BB49C3C7}.Release|Any CPU.ActiveCfg = Release|Any CPU
		{F5D8D5D1-0860-4592-9950-4F76BB49C3C7}.Release|Any CPU.Build.0 = Release|Any CPU
		{F3DEF592-65C8-43F3-BF81-F2A25E368530}.Debug|Any CPU.ActiveCfg = Debug|Any CPU
		{F3DEF592-65C8-43F3-BF81-F2A25E368530}.Debug|Any CPU.Build.0 = Debug|Any CPU
		{F3DEF592-65C8-43F3-BF81-F2A25E368530}.Release|Any CPU.ActiveCfg = Release|Any CPU
		{F3DEF592-65C8-43F3-BF81-F2A25E368530}.Release|Any CPU.Build.0 = Release|Any CPU
		{471A05D9-2464-4F91-B42C-DFFFCE22DDA1}.Debug|Any CPU.ActiveCfg = Debug|Any CPU
		{471A05D9-2464-4F91-B42C-DFFFCE22DDA1}.Debug|Any CPU.Build.0 = Debug|Any CPU
		{471A05D9-2464-4F91-B42C-DFFFCE22DDA1}.Release|Any CPU.ActiveCfg = Release|Any CPU
		{471A05D9-2464-4F91-B42C-DFFFCE22DDA1}.Release|Any CPU.Build.0 = Release|Any CPU
		{687643D3-5315-4F5B-9385-9DD176F8BEEF}.Debug|Any CPU.ActiveCfg = Debug|Any CPU
		{687643D3-5315-4F5B-9385-9DD176F8BEEF}.Debug|Any CPU.Build.0 = Debug|Any CPU
		{687643D3-5315-4F5B-9385-9DD176F8BEEF}.Release|Any CPU.ActiveCfg = Release|Any CPU
		{687643D3-5315-4F5B-9385-9DD176F8BEEF}.Release|Any CPU.Build.0 = Release|Any CPU
		{7F6E5E41-C695-4D0A-B365-79A3D9E4D2B7}.Debug|Any CPU.ActiveCfg = Debug|Any CPU
		{7F6E5E41-C695-4D0A-B365-79A3D9E4D2B7}.Debug|Any CPU.Build.0 = Debug|Any CPU
		{7F6E5E41-C695-4D0A-B365-79A3D9E4D2B7}.Release|Any CPU.ActiveCfg = Release|Any CPU
		{7F6E5E41-C695-4D0A-B365-79A3D9E4D2B7}.Release|Any CPU.Build.0 = Release|Any CPU
		{31D30E00-976D-4471-88FF-F757181E2F8F}.Debug|Any CPU.ActiveCfg = Debug|Any CPU
		{31D30E00-976D-4471-88FF-F757181E2F8F}.Debug|Any CPU.Build.0 = Debug|Any CPU
		{31D30E00-976D-4471-88FF-F757181E2F8F}.Release|Any CPU.ActiveCfg = Release|Any CPU
		{31D30E00-976D-4471-88FF-F757181E2F8F}.Release|Any CPU.Build.0 = Release|Any CPU
	EndGlobalSection
	GlobalSection(SolutionProperties) = preSolution
		HideSolutionNode = FALSE
	EndGlobalSection
	GlobalSection(ExtensibilityGlobals) = postSolution
		SolutionGuid = {D34E5DBF-BF26-4A6A-9C23-C08615767686}
	EndGlobalSection
EndGlobal
